
Microsoft Visual Studio Solution File, Format Version 12.00
# Visual Studio 15
VisualStudioVersion = 15.0.26730.16
MinimumVisualStudioVersion = 10.0.40219.1
Project("{FAE04EC0-301F-11D3-BF4B-00C04F79EFBC}") = "SafeWordPearlHacks18", "SafeWordPearlHacks18\SafeWordPearlHacks18.csproj", "{8FDDE58E-12BC-4DCB-80D2-D21393ECF838}"
EndProject
Global
	GlobalSection(SolutionConfigurationPlatforms) = preSolution
		Debug|Any CPU = Debug|Any CPU
		Release|Any CPU = Release|Any CPU
	EndGlobalSection
	GlobalSection(ProjectConfigurationPlatforms) = postSolution
		{8FDDE58E-12BC-4DCB-80D2-D21393ECF838}.Debug|Any CPU.ActiveCfg = Debug|Any CPU
		{8FDDE58E-12BC-4DCB-80D2-D21393ECF838}.Debug|Any CPU.Build.0 = Debug|Any CPU
		{8FDDE58E-12BC-4DCB-80D2-D21393ECF838}.Debug|Any CPU.Deploy.0 = Debug|Any CPU
		{8FDDE58E-12BC-4DCB-80D2-D21393ECF838}.Release|Any CPU.ActiveCfg = Release|Any CPU
		{8FDDE58E-12BC-4DCB-80D2-D21393ECF838}.Release|Any CPU.Build.0 = Release|Any CPU
		{8FDDE58E-12BC-4DCB-80D2-D21393ECF838}.Release|Any CPU.Deploy.0 = Release|Any CPU
	EndGlobalSection
	GlobalSection(SolutionProperties) = preSolution
		HideSolutionNode = FALSE
	EndGlobalSection
	GlobalSection(ExtensibilityGlobals) = postSolution
		SolutionGuid = {DB244DFD-F4FE-4A18-907A-5CC5ACF924E2}
	EndGlobalSection
EndGlobal
